// !$*UTF8*$!
{
	archiveVersion = 1;
	classes = {
	};
	objectVersion = 51;
	objects = {

/* Begin PBXBuildFile section */
		4A2D667C9A553364004E6783 /* Pods_BooksReader.framework in Frameworks */ = {isa = PBXBuildFile; fileRef = 590C63B934DD1667D57A05CD /* Pods_BooksReader.framework */; };
		F30E1FB8259C94AB0080A338 /* ReaderVC.swift in Sources */ = {isa = PBXBuildFile; fileRef = F30E1FB7259C94AB0080A338 /* ReaderVC.swift */; };
		F30E1FBC259C9AA60080A338 /* ListVC.swift in Sources */ = {isa = PBXBuildFile; fileRef = F30E1FBB259C9AA60080A338 /* ListVC.swift */; };
		F30E1FC1259C9BA60080A338 /* SettingManager.swift in Sources */ = {isa = PBXBuildFile; fileRef = F30E1FC0259C9BA60080A338 /* SettingManager.swift */; };
		F30E1FC5259CA1470080A338 /* NavVC.swift in Sources */ = {isa = PBXBuildFile; fileRef = F30E1FC4259CA1470080A338 /* NavVC.swift */; };
		F30E1FCC259CB14B0080A338 /* SettingVC.swift in Sources */ = {isa = PBXBuildFile; fileRef = F30E1FCB259CB14B0080A338 /* SettingVC.swift */; };
		F30E1FCF259CB2500080A338 /* FontListVC.swift in Sources */ = {isa = PBXBuildFile; fileRef = F30E1FCE259CB2500080A338 /* FontListVC.swift */; };
		F30E1FD7259CCF980080A338 /* Color.swift in Sources */ = {isa = PBXBuildFile; fileRef = F30E1FD6259CCF980080A338 /* Color.swift */; };
		F30E1FDA259CCFEF0080A338 /* View.swift in Sources */ = {isa = PBXBuildFile; fileRef = F30E1FD9259CCFEF0080A338 /* View.swift */; };
		F30E1FDD259D65FB0080A338 /* ContentManager.swift in Sources */ = {isa = PBXBuildFile; fileRef = F30E1FDC259D65FB0080A338 /* ContentManager.swift */; };
		F30E1FE0259DEEBD0080A338 /* NSAttributedString.swift in Sources */ = {isa = PBXBuildFile; fileRef = F30E1FDF259DEEBD0080A338 /* NSAttributedString.swift */; };
		F3D6E1E9259C8B210030CABB /* AppDelegate.swift in Sources */ = {isa = PBXBuildFile; fileRef = F3D6E1E8259C8B210030CABB /* AppDelegate.swift */; };
		F3D6E1EB259C8B210030CABB /* SceneDelegate.swift in Sources */ = {isa = PBXBuildFile; fileRef = F3D6E1EA259C8B210030CABB /* SceneDelegate.swift */; };
		F3D6E1F0259C8B210030CABB /* Main.storyboard in Resources */ = {isa = PBXBuildFile; fileRef = F3D6E1EE259C8B210030CABB /* Main.storyboard */; };
		F3D6E1F2259C8B240030CABB /* Assets.xcassets in Resources */ = {isa = PBXBuildFile; fileRef = F3D6E1F1259C8B240030CABB /* Assets.xcassets */; };
		F3D6E1F5259C8B240030CABB /* LaunchScreen.storyboard in Resources */ = {isa = PBXBuildFile; fileRef = F3D6E1F3259C8B240030CABB /* LaunchScreen.storyboard */; };
		F3D6E200259C8B8C0030CABB /* tehillim.json in Resources */ = {isa = PBXBuildFile; fileRef = F3D6E1FF259C8B8C0030CABB /* tehillim.json */; };
/* End PBXBuildFile section */

/* Begin PBXFileReference section */
		00C3C7AE1F91F4C660FCB517 /* Pods-BooksReader.debug.xcconfig */ = {isa = PBXFileReference; includeInIndex = 1; lastKnownFileType = text.xcconfig; name = "Pods-BooksReader.debug.xcconfig"; path = "Target Support Files/Pods-BooksReader/Pods-BooksReader.debug.xcconfig"; sourceTree = "<group>"; };
		590C63B934DD1667D57A05CD /* Pods_BooksReader.framework */ = {isa = PBXFileReference; explicitFileType = wrapper.framework; includeInIndex = 0; path = Pods_BooksReader.framework; sourceTree = BUILT_PRODUCTS_DIR; };
		DC11343A6CE9D24EC38FB641 /* Pods-BooksReader.release.xcconfig */ = {isa = PBXFileReference; includeInIndex = 1; lastKnownFileType = text.xcconfig; name = "Pods-BooksReader.release.xcconfig"; path = "Target Support Files/Pods-BooksReader/Pods-BooksReader.release.xcconfig"; sourceTree = "<group>"; };
		F30E1FB7259C94AB0080A338 /* ReaderVC.swift */ = {isa = PBXFileReference; lastKnownFileType = sourcecode.swift; path = ReaderVC.swift; sourceTree = "<group>"; };
		F30E1FBB259C9AA60080A338 /* ListVC.swift */ = {isa = PBXFileReference; lastKnownFileType = sourcecode.swift; path = ListVC.swift; sourceTree = "<group>"; };
		F30E1FC0259C9BA60080A338 /* SettingManager.swift */ = {isa = PBXFileReference; lastKnownFileType = sourcecode.swift; path = SettingManager.swift; sourceTree = "<group>"; };
		F30E1FC4259CA1470080A338 /* NavVC.swift */ = {isa = PBXFileReference; lastKnownFileType = sourcecode.swift; path = NavVC.swift; sourceTree = "<group>"; };
		F30E1FCB259CB14B0080A338 /* SettingVC.swift */ = {isa = PBXFileReference; lastKnownFileType = sourcecode.swift; path = SettingVC.swift; sourceTree = "<group>"; };
		F30E1FCE259CB2500080A338 /* FontListVC.swift */ = {isa = PBXFileReference; lastKnownFileType = sourcecode.swift; path = FontListVC.swift; sourceTree = "<group>"; };
		F30E1FD6259CCF980080A338 /* Color.swift */ = {isa = PBXFileReference; lastKnownFileType = sourcecode.swift; path = Color.swift; sourceTree = "<group>"; };
		F30E1FD9259CCFEF0080A338 /* View.swift */ = {isa = PBXFileReference; lastKnownFileType = sourcecode.swift; path = View.swift; sourceTree = "<group>"; };
		F30E1FDC259D65FB0080A338 /* ContentManager.swift */ = {isa = PBXFileReference; lastKnownFileType = sourcecode.swift; path = ContentManager.swift; sourceTree = "<group>"; };
		F30E1FDF259DEEBD0080A338 /* NSAttributedString.swift */ = {isa = PBXFileReference; lastKnownFileType = sourcecode.swift; path = NSAttributedString.swift; sourceTree = "<group>"; };
		F3D6E1E5259C8B210030CABB /* BooksReader.app */ = {isa = PBXFileReference; explicitFileType = wrapper.application; includeInIndex = 0; path = BooksReader.app; sourceTree = BUILT_PRODUCTS_DIR; };
		F3D6E1E8259C8B210030CABB /* AppDelegate.swift */ = {isa = PBXFileReference; lastKnownFileType = sourcecode.swift; path = AppDelegate.swift; sourceTree = "<group>"; };
		F3D6E1EA259C8B210030CABB /* SceneDelegate.swift */ = {isa = PBXFileReference; lastKnownFileType = sourcecode.swift; path = SceneDelegate.swift; sourceTree = "<group>"; };
		F3D6E1EF259C8B210030CABB /* Base */ = {isa = PBXFileReference; lastKnownFileType = file.storyboard; name = Base; path = Base.lproj/Main.storyboard; sourceTree = "<group>"; };
		F3D6E1F1259C8B240030CABB /* Assets.xcassets */ = {isa = PBXFileReference; lastKnownFileType = folder.assetcatalog; path = Assets.xcassets; sourceTree = "<group>"; };
		F3D6E1F4259C8B240030CABB /* Base */ = {isa = PBXFileReference; lastKnownFileType = file.storyboard; name = Base; path = Base.lproj/LaunchScreen.storyboard; sourceTree = "<group>"; };
		F3D6E1F6259C8B240030CABB /* Info.plist */ = {isa = PBXFileReference; lastKnownFileType = text.plist.xml; path = Info.plist; sourceTree = "<group>"; };
		F3D6E1FF259C8B8C0030CABB /* tehillim.json */ = {isa = PBXFileReference; fileEncoding = 4; lastKnownFileType = text.json; path = tehillim.json; sourceTree = "<group>"; };
/* End PBXFileReference section */

/* Begin PBXFrameworksBuildPhase section */
		F3D6E1E2259C8B210030CABB /* Frameworks */ = {
			isa = PBXFrameworksBuildPhase;
			buildActionMask = 2147483647;
			files = (
				4A2D667C9A553364004E6783 /* Pods_BooksReader.framework in Frameworks */,
			);
			runOnlyForDeploymentPostprocessing = 0;
		};
/* End PBXFrameworksBuildPhase section */

/* Begin PBXGroup section */
		020C09073F75AC709B03C261 /* Pods */ = {
			isa = PBXGroup;
			children = (
				00C3C7AE1F91F4C660FCB517 /* Pods-BooksReader.debug.xcconfig */,
				DC11343A6CE9D24EC38FB641 /* Pods-BooksReader.release.xcconfig */,
			);
			path = Pods;
			sourceTree = "<group>";
		};
		BB5BCEDD15457E9F8BBDCFE2 /* Frameworks */ = {
			isa = PBXGroup;
			children = (
				590C63B934DD1667D57A05CD /* Pods_BooksReader.framework */,
			);
			name = Frameworks;
			sourceTree = "<group>";
		};
		F30E1FBF259C9B5E0080A338 /* ViewControllers */ = {
			isa = PBXGroup;
			children = (
				F30E1FC4259CA1470080A338 /* NavVC.swift */,
				F30E1FBB259C9AA60080A338 /* ListVC.swift */,
				F30E1FB7259C94AB0080A338 /* ReaderVC.swift */,
				F30E1FCB259CB14B0080A338 /* SettingVC.swift */,
				F30E1FCE259CB2500080A338 /* FontListVC.swift */,
			);
			path = ViewControllers;
			sourceTree = "<group>";
		};
		F30E1FD3259CC7D70080A338 /* ViewModels */ = {
			isa = PBXGroup;
			children = (
			);
			path = ViewModels;
			sourceTree = "<group>";
		};
		F30E1FD5259CCF710080A338 /* Extensions */ = {
			isa = PBXGroup;
			children = (
				F30E1FD6259CCF980080A338 /* Color.swift */,
				F30E1FD9259CCFEF0080A338 /* View.swift */,
				F30E1FDF259DEEBD0080A338 /* NSAttributedString.swift */,
			);
			path = Extensions;
			sourceTree = "<group>";
		};
		F3D6E1DC259C8B210030CABB = {
			isa = PBXGroup;
			children = (
				F3D6E1E7259C8B210030CABB /* BooksReader */,
				F3D6E1E6259C8B210030CABB /* Products */,
				020C09073F75AC709B03C261 /* Pods */,
				BB5BCEDD15457E9F8BBDCFE2 /* Frameworks */,
			);
			sourceTree = "<group>";
		};
		F3D6E1E6259C8B210030CABB /* Products */ = {
			isa = PBXGroup;
			children = (
				F3D6E1E5259C8B210030CABB /* BooksReader.app */,
			);
			name = Products;
			sourceTree = "<group>";
		};
		F3D6E1E7259C8B210030CABB /* BooksReader */ = {
			isa = PBXGroup;
			children = (
				F3D6E1FE259C8B790030CABB /* Resources */,
				F30E1FD5259CCF710080A338 /* Extensions */,
				F3D6E202259C8C220030CABB /* Models */,
				F30E1FD3259CC7D70080A338 /* ViewModels */,
				F30E1FBF259C9B5E0080A338 /* ViewControllers */,
				F3D6E1E8259C8B210030CABB /* AppDelegate.swift */,
				F3D6E1EA259C8B210030CABB /* SceneDelegate.swift */,
				F3D6E1EE259C8B210030CABB /* Main.storyboard */,
				F3D6E1F1259C8B240030CABB /* Assets.xcassets */,
				F3D6E1F3259C8B240030CABB /* LaunchScreen.storyboard */,
				F3D6E1F6259C8B240030CABB /* Info.plist */,
			);
			path = BooksReader;
			sourceTree = "<group>";
		};
		F3D6E1FE259C8B790030CABB /* Resources */ = {
			isa = PBXGroup;
			children = (
				F3D6E1FF259C8B8C0030CABB /* tehillim.json */,
			);
			path = Resources;
			sourceTree = "<group>";
		};
		F3D6E202259C8C220030CABB /* Models */ = {
			isa = PBXGroup;
			children = (
				F30E1FC0259C9BA60080A338 /* SettingManager.swift */,
				F30E1FDC259D65FB0080A338 /* ContentManager.swift */,
			);
			path = Models;
			sourceTree = "<group>";
		};
/* End PBXGroup section */

/* Begin PBXNativeTarget section */
		F3D6E1E4259C8B210030CABB /* BooksReader */ = {
			isa = PBXNativeTarget;
			buildConfigurationList = F3D6E1F9259C8B240030CABB /* Build configuration list for PBXNativeTarget "BooksReader" */;
			buildPhases = (
				627C2954B011CB5BB2A0490A /* [CP] Check Pods Manifest.lock */,
				F3D6E1E1259C8B210030CABB /* Sources */,
				F3D6E1E2259C8B210030CABB /* Frameworks */,
				F3D6E1E3259C8B210030CABB /* Resources */,
				C7DDB673FA21D35D5D041A73 /* [CP] Embed Pods Frameworks */,
			);
			buildRules = (
			);
			dependencies = (
			);
			name = BooksReader;
			productName = BooksReader;
			productReference = F3D6E1E5259C8B210030CABB /* BooksReader.app */;
			productType = "com.apple.product-type.application";
		};
/* End PBXNativeTarget section */

/* Begin PBXProject section */
		F3D6E1DD259C8B210030CABB /* Project object */ = {
			isa = PBXProject;
			attributes = {
				LastSwiftUpdateCheck = 1220;
				LastUpgradeCheck = 1220;
				TargetAttributes = {
					F3D6E1E4259C8B210030CABB = {
						CreatedOnToolsVersion = 12.2;
					};
				};
			};
			buildConfigurationList = F3D6E1E0259C8B210030CABB /* Build configuration list for PBXProject "BooksReader" */;
			compatibilityVersion = "Xcode 9.3";
			developmentRegion = en;
			hasScannedForEncodings = 0;
			knownRegions = (
				en,
				Base,
			);
			mainGroup = F3D6E1DC259C8B210030CABB;
			productRefGroup = F3D6E1E6259C8B210030CABB /* Products */;
			projectDirPath = "";
			projectRoot = "";
			targets = (
				F3D6E1E4259C8B210030CABB /* BooksReader */,
			);
		};
/* End PBXProject section */

/* Begin PBXResourcesBuildPhase section */
		F3D6E1E3259C8B210030CABB /* Resources */ = {
			isa = PBXResourcesBuildPhase;
			buildActionMask = 2147483647;
			files = (
				F3D6E1F5259C8B240030CABB /* LaunchScreen.storyboard in Resources */,
				F3D6E200259C8B8C0030CABB /* tehillim.json in Resources */,
				F3D6E1F2259C8B240030CABB /* Assets.xcassets in Resources */,
				F3D6E1F0259C8B210030CABB /* Main.storyboard in Resources */,
			);
			runOnlyForDeploymentPostprocessing = 0;
		};
/* End PBXResourcesBuildPhase section */

/* Begin PBXShellScriptBuildPhase section */
		627C2954B011CB5BB2A0490A /* [CP] Check Pods Manifest.lock */ = {
			isa = PBXShellScriptBuildPhase;
			buildActionMask = 2147483647;
			files = (
			);
			inputFileListPaths = (
			);
			inputPaths = (
				"${PODS_PODFILE_DIR_PATH}/Podfile.lock",
				"${PODS_ROOT}/Manifest.lock",
			);
			name = "[CP] Check Pods Manifest.lock";
			outputFileListPaths = (
			);
			outputPaths = (
				"$(DERIVED_FILE_DIR)/Pods-BooksReader-checkManifestLockResult.txt",
			);
			runOnlyForDeploymentPostprocessing = 0;
			shellPath = /bin/sh;
			shellScript = "diff \"${PODS_PODFILE_DIR_PATH}/Podfile.lock\" \"${PODS_ROOT}/Manifest.lock\" > /dev/null\nif [ $? != 0 ] ; then\n    # print error to STDERR\n    echo \"error: The sandbox is not in sync with the Podfile.lock. Run 'pod install' or update your CocoaPods installation.\" >&2\n    exit 1\nfi\n# This output is used by Xcode 'outputs' to avoid re-running this script phase.\necho \"SUCCESS\" > \"${SCRIPT_OUTPUT_FILE_0}\"\n";
			showEnvVarsInLog = 0;
		};
		C7DDB673FA21D35D5D041A73 /* [CP] Embed Pods Frameworks */ = {
			isa = PBXShellScriptBuildPhase;
			buildActionMask = 2147483647;
			files = (
			);
			inputFileListPaths = (
				"${PODS_ROOT}/Target Support Files/Pods-BooksReader/Pods-BooksReader-frameworks-${CONFIGURATION}-input-files.xcfilelist",
			);
			name = "[CP] Embed Pods Frameworks";
			outputFileListPaths = (
				"${PODS_ROOT}/Target Support Files/Pods-BooksReader/Pods-BooksReader-frameworks-${CONFIGURATION}-output-files.xcfilelist",
			);
			runOnlyForDeploymentPostprocessing = 0;
			shellPath = /bin/sh;
			shellScript = "\"${PODS_ROOT}/Target Support Files/Pods-BooksReader/Pods-BooksReader-frameworks.sh\"\n";
			showEnvVarsInLog = 0;
		};
/* End PBXShellScriptBuildPhase section */

/* Begin PBXSourcesBuildPhase section */
		F3D6E1E1259C8B210030CABB /* Sources */ = {
			isa = PBXSourcesBuildPhase;
			buildActionMask = 2147483647;
			files = (
				F30E1FC5259CA1470080A338 /* NavVC.swift in Sources */,
				F30E1FCC259CB14B0080A338 /* SettingVC.swift in Sources */,
				F30E1FDA259CCFEF0080A338 /* View.swift in Sources */,
				F30E1FC1259C9BA60080A338 /* SettingManager.swift in Sources */,
				F30E1FDD259D65FB0080A338 /* ContentManager.swift in Sources */,
				F30E1FBC259C9AA60080A338 /* ListVC.swift in Sources */,
				F30E1FB8259C94AB0080A338 /* ReaderVC.swift in Sources */,
				F30E1FE0259DEEBD0080A338 /* NSAttributedString.swift in Sources */,
				F3D6E1E9259C8B210030CABB /* AppDelegate.swift in Sources */,
				F3D6E1EB259C8B210030CABB /* SceneDelegate.swift in Sources */,
				F30E1FCF259CB2500080A338 /* FontListVC.swift in Sources */,
				F30E1FD7259CCF980080A338 /* Color.swift in Sources */,
			);
			runOnlyForDeploymentPostprocessing = 0;
		};
/* End PBXSourcesBuildPhase section */

/* Begin PBXVariantGroup section */
		F3D6E1EE259C8B210030CABB /* Main.storyboard */ = {
			isa = PBXVariantGroup;
			children = (
				F3D6E1EF259C8B210030CABB /* Base */,
			);
			name = Main.storyboard;
			sourceTree = "<group>";
		};
		F3D6E1F3259C8B240030CABB /* LaunchScreen.storyboard */ = {
			isa = PBXVariantGroup;
			children = (
				F3D6E1F4259C8B240030CABB /* Base */,
			);
			name = LaunchScreen.storyboard;
			sourceTree = "<group>";
		};
/* End PBXVariantGroup section */

/* Begin XCBuildConfiguration section */
		F3D6E1F7259C8B240030CABB /* Debug */ = {
			isa = XCBuildConfiguration;
			buildSettings = {
				ALWAYS_SEARCH_USER_PATHS = NO;
				CLANG_ANALYZER_NONNULL = YES;
				CLANG_ANALYZER_NUMBER_OBJECT_CONVERSION = YES_AGGRESSIVE;
				CLANG_CXX_LANGUAGE_STANDARD = "gnu++14";
				CLANG_CXX_LIBRARY = "libc++";
				CLANG_ENABLE_MODULES = YES;
				CLANG_ENABLE_OBJC_ARC = YES;
				CLANG_ENABLE_OBJC_WEAK = YES;
				CLANG_WARN_BLOCK_CAPTURE_AUTORELEASING = YES;
				CLANG_WARN_BOOL_CONVERSION = YES;
				CLANG_WARN_COMMA = YES;
				CLANG_WARN_CONSTANT_CONVERSION = YES;
				CLANG_WARN_DEPRECATED_OBJC_IMPLEMENTATIONS = YES;
				CLANG_WARN_DIRECT_OBJC_ISA_USAGE = YES_ERROR;
				CLANG_WARN_DOCUMENTATION_COMMENTS = YES;
				CLANG_WARN_EMPTY_BODY = YES;
				CLANG_WARN_ENUM_CONVERSION = YES;
				CLANG_WARN_INFINITE_RECURSION = YES;
				CLANG_WARN_INT_CONVERSION = YES;
				CLANG_WARN_NON_LITERAL_NULL_CONVERSION = YES;
				CLANG_WARN_OBJC_IMPLICIT_RETAIN_SELF = YES;
				CLANG_WARN_OBJC_LITERAL_CONVERSION = YES;
				CLANG_WARN_OBJC_ROOT_CLASS = YES_ERROR;
				CLANG_WARN_QUOTED_INCLUDE_IN_FRAMEWORK_HEADER = YES;
				CLANG_WARN_RANGE_LOOP_ANALYSIS = YES;
				CLANG_WARN_STRICT_PROTOTYPES = YES;
				CLANG_WARN_SUSPICIOUS_MOVE = YES;
				CLANG_WARN_UNGUARDED_AVAILABILITY = YES_AGGRESSIVE;
				CLANG_WARN_UNREACHABLE_CODE = YES;
				CLANG_WARN__DUPLICATE_METHOD_MATCH = YES;
				COPY_PHASE_STRIP = NO;
				DEBUG_INFORMATION_FORMAT = dwarf;
				ENABLE_STRICT_OBJC_MSGSEND = YES;
				ENABLE_TESTABILITY = YES;
				GCC_C_LANGUAGE_STANDARD = gnu11;
				GCC_DYNAMIC_NO_PIC = NO;
				GCC_NO_COMMON_BLOCKS = YES;
				GCC_OPTIMIZATION_LEVEL = 0;
				GCC_PREPROCESSOR_DEFINITIONS = (
					"DEBUG=1",
					"$(inherited)",
				);
				GCC_WARN_64_TO_32_BIT_CONVERSION = YES;
				GCC_WARN_ABOUT_RETURN_TYPE = YES_ERROR;
				GCC_WARN_UNDECLARED_SELECTOR = YES;
				GCC_WARN_UNINITIALIZED_AUTOS = YES_AGGRESSIVE;
				GCC_WARN_UNUSED_FUNCTION = YES;
				GCC_WARN_UNUSED_VARIABLE = YES;
				IPHONEOS_DEPLOYMENT_TARGET = 14.2;
				MTL_ENABLE_DEBUG_INFO = INCLUDE_SOURCE;
				MTL_FAST_MATH = YES;
				ONLY_ACTIVE_ARCH = YES;
				SDKROOT = iphoneos;
				SWIFT_ACTIVE_COMPILATION_CONDITIONS = DEBUG;
				SWIFT_OPTIMIZATION_LEVEL = "-Onone";
			};
			name = Debug;
		};
		F3D6E1F8259C8B240030CABB /* Release */ = {
			isa = XCBuildConfiguration;
			buildSettings = {
				ALWAYS_SEARCH_USER_PATHS = NO;
				CLANG_ANALYZER_NONNULL = YES;
				CLANG_ANALYZER_NUMBER_OBJECT_CONVERSION = YES_AGGRESSIVE;
				CLANG_CXX_LANGUAGE_STANDARD = "gnu++14";
				CLANG_CXX_LIBRARY = "libc++";
				CLANG_ENABLE_MODULES = YES;
				CLANG_ENABLE_OBJC_ARC = YES;
				CLANG_ENABLE_OBJC_WEAK = YES;
				CLANG_WARN_BLOCK_CAPTURE_AUTORELEASING = YES;
				CLANG_WARN_BOOL_CONVERSION = YES;
				CLANG_WARN_COMMA = YES;
				CLANG_WARN_CONSTANT_CONVERSION = YES;
				CLANG_WARN_DEPRECATED_OBJC_IMPLEMENTATIONS = YES;
				CLANG_WARN_DIRECT_OBJC_ISA_USAGE = YES_ERROR;
				CLANG_WARN_DOCUMENTATION_COMMENTS = YES;
				CLANG_WARN_EMPTY_BODY = YES;
				CLANG_WARN_ENUM_CONVERSION = YES;
				CLANG_WARN_INFINITE_RECURSION = YES;
				CLANG_WARN_INT_CONVERSION = YES;
				CLANG_WARN_NON_LITERAL_NULL_CONVERSION = YES;
				CLANG_WARN_OBJC_IMPLICIT_RETAIN_SELF = YES;
				CLANG_WARN_OBJC_LITERAL_CONVERSION = YES;
				CLANG_WARN_OBJC_ROOT_CLASS = YES_ERROR;
				CLANG_WARN_QUOTED_INCLUDE_IN_FRAMEWORK_HEADER = YES;
				CLANG_WARN_RANGE_LOOP_ANALYSIS = YES;
				CLANG_WARN_STRICT_PROTOTYPES = YES;
				CLANG_WARN_SUSPICIOUS_MOVE = YES;
				CLANG_WARN_UNGUARDED_AVAILABILITY = YES_AGGRESSIVE;
				CLANG_WARN_UNREACHABLE_CODE = YES;
				CLANG_WARN__DUPLICATE_METHOD_MATCH = YES;
				COPY_PHASE_STRIP = NO;
				DEBUG_INFORMATION_FORMAT = "dwarf-with-dsym";
				ENABLE_NS_ASSERTIONS = NO;
				ENABLE_STRICT_OBJC_MSGSEND = YES;
				GCC_C_LANGUAGE_STANDARD = gnu11;
				GCC_NO_COMMON_BLOCKS = YES;
				GCC_WARN_64_TO_32_BIT_CONVERSION = YES;
				GCC_WARN_ABOUT_RETURN_TYPE = YES_ERROR;
				GCC_WARN_UNDECLARED_SELECTOR = YES;
				GCC_WARN_UNINITIALIZED_AUTOS = YES_AGGRESSIVE;
				GCC_WARN_UNUSED_FUNCTION = YES;
				GCC_WARN_UNUSED_VARIABLE = YES;
				IPHONEOS_DEPLOYMENT_TARGET = 14.2;
				MTL_ENABLE_DEBUG_INFO = NO;
				MTL_FAST_MATH = YES;
				SDKROOT = iphoneos;
				SWIFT_COMPILATION_MODE = wholemodule;
				SWIFT_OPTIMIZATION_LEVEL = "-O";
				VALIDATE_PRODUCT = YES;
			};
			name = Release;
		};
		F3D6E1FA259C8B240030CABB /* Debug */ = {
			isa = XCBuildConfiguration;
			baseConfigurationReference = 00C3C7AE1F91F4C660FCB517 /* Pods-BooksReader.debug.xcconfig */;
			buildSettings = {
				ASSETCATALOG_COMPILER_APPICON_NAME = AppIcon;
				ASSETCATALOG_COMPILER_GLOBAL_ACCENT_COLOR_NAME = AccentColor;
				CODE_SIGN_STYLE = Automatic;
				DEVELOPMENT_TEAM = H67322LE4M;
				INFOPLIST_FILE = BooksReader/Info.plist;
				IPHONEOS_DEPLOYMENT_TARGET = 13.0;
				LD_RUNPATH_SEARCH_PATHS = (
					"$(inherited)",
					"@executable_path/Frameworks",
				);
				PRODUCT_BUNDLE_IDENTIFIER = com.BooksReader;
				PRODUCT_NAME = "$(TARGET_NAME)";
				SWIFT_VERSION = 5.0;
				TARGETED_DEVICE_FAMILY = 1;
			};
			name = Debug;
		};
		F3D6E1FB259C8B240030CABB /* Release */ = {
			isa = XCBuildConfiguration;
			baseConfigurationReference = DC11343A6CE9D24EC38FB641 /* Pods-BooksReader.release.xcconfig */;
			buildSettings = {
				ASSETCATALOG_COMPILER_APPICON_NAME = AppIcon;
				ASSETCATALOG_COMPILER_GLOBAL_ACCENT_COLOR_NAME = AccentColor;
				CODE_SIGN_STYLE = Automatic;
				DEVELOPMENT_TEAM = H67322LE4M;
				INFOPLIST_FILE = BooksReader/Info.plist;
				IPHONEOS_DEPLOYMENT_TARGET = 13.0;
				LD_RUNPATH_SEARCH_PATHS = (
					"$(inherited)",
					"@executable_path/Frameworks",
				);
				PRODUCT_BUNDLE_IDENTIFIER = com.BooksReader;
				PRODUCT_NAME = "$(TARGET_NAME)";
				SWIFT_VERSION = 5.0;
				TARGETED_DEVICE_FAMILY = 1;
			};
			name = Release;
		};
/* End XCBuildConfiguration section */

/* Begin XCConfigurationList section */
		F3D6E1E0259C8B210030CABB /* Build configuration list for PBXProject "BooksReader" */ = {
			isa = XCConfigurationList;
			buildConfigurations = (
				F3D6E1F7259C8B240030CABB /* Debug */,
				F3D6E1F8259C8B240030CABB /* Release */,
			);
			defaultConfigurationIsVisible = 0;
			defaultConfigurationName = Release;
		};
		F3D6E1F9259C8B240030CABB /* Build configuration list for PBXNativeTarget "BooksReader" */ = {
			isa = XCConfigurationList;
			buildConfigurations = (
				F3D6E1FA259C8B240030CABB /* Debug */,
				F3D6E1FB259C8B240030CABB /* Release */,
			);
			defaultConfigurationIsVisible = 0;
			defaultConfigurationName = Release;
		};
/* End XCConfigurationList section */
	};
	rootObject = F3D6E1DD259C8B210030CABB /* Project object */;
}
